
Microsoft Visual Studio Solution File, Format Version 12.00
# Visual Studio Version 17
VisualStudioVersion = 17.8.34309.116
MinimumVisualStudioVersion = 10.0.40219.1
Project("{FAE04EC0-301F-11D3-BF4B-00C04F79EFBC}") = "HolidayProject", "HolidayProject\HolidayProject.csproj", "{AB98CDBA-9AA6-4687-A8C9-1FBDD0768B03}"
EndProject
Project("{FAE04EC0-301F-11D3-BF4B-00C04F79EFBC}") = "Domain", "Domain\Domain.csproj", "{D36EF0D9-DC97-4083-9513-33AC8FB0F5DC}"
EndProject
Project("{FAE04EC0-301F-11D3-BF4B-00C04F79EFBC}") = "Data", "Data\Data.csproj", "{99AD7CF8-6ACB-43BF-9A6F-7B50225D4760}"
EndProject
Global
	GlobalSection(SolutionConfigurationPlatforms) = preSolution
		Debug|Any CPU = Debug|Any CPU
		Release|Any CPU = Release|Any CPU
	EndGlobalSection
	GlobalSection(ProjectConfigurationPlatforms) = postSolution
		{AB98CDBA-9AA6-4687-A8C9-1FBDD0768B03}.Debug|Any CPU.ActiveCfg = Debug|Any CPU
		{AB98CDBA-9AA6-4687-A8C9-1FBDD0768B03}.Debug|Any CPU.Build.0 = Debug|Any CPU
		{AB98CDBA-9AA6-4687-A8C9-1FBDD0768B03}.Release|Any CPU.ActiveCfg = Release|Any CPU
		{AB98CDBA-9AA6-4687-A8C9-1FBDD0768B03}.Release|Any CPU.Build.0 = Release|Any CPU
		{D36EF0D9-DC97-4083-9513-33AC8FB0F5DC}.Debug|Any CPU.ActiveCfg = Debug|Any CPU
		{D36EF0D9-DC97-4083-9513-33AC8FB0F5DC}.Debug|Any CPU.Build.0 = Debug|Any CPU
		{D36EF0D9-DC97-4083-9513-33AC8FB0F5DC}.Release|Any CPU.ActiveCfg = Release|Any CPU
		{D36EF0D9-DC97-4083-9513-33AC8FB0F5DC}.Release|Any CPU.Build.0 = Release|Any CPU
		{99AD7CF8-6ACB-43BF-9A6F-7B50225D4760}.Debug|Any CPU.ActiveCfg = Debug|Any CPU
		{99AD7CF8-6ACB-43BF-9A6F-7B50225D4760}.Debug|Any CPU.Build.0 = Debug|Any CPU
		{99AD7CF8-6ACB-43BF-9A6F-7B50225D4760}.Release|Any CPU.ActiveCfg = Release|Any CPU
		{99AD7CF8-6ACB-43BF-9A6F-7B50225D4760}.Release|Any CPU.Build.0 = Release|Any CPU
	EndGlobalSection
	GlobalSection(SolutionProperties) = preSolution
		HideSolutionNode = FALSE
	EndGlobalSection
	GlobalSection(ExtensibilityGlobals) = postSolution
		SolutionGuid = {3C1E1CBF-29F9-485A-8D94-A72F6A8EE2E3}
	EndGlobalSection
EndGlobal
